<?xml version="1.0" encoding="UTF-8" standalone="yes" ?>
<CodeBlocks_project_file>
	<FileVersion major="1" minor="6" />
	<Project>
		<Option title="1x02 Encrypted Text Messages" />
		<Option pch_mode="2" />
		<Option compiler="gcc" />
		<Build>
			<Target title="Debug">
				<Option output="bin/Debug/1x02 Encrypted Text Messages" prefix_auto="1" extension_auto="1" />
				<Option object_output="obj/Debug/" />
				<Option type="1" />
				<Option compiler="gcc" />
				<Compiler>
					<Add option="-g" />
					<Add option="-std=c11" />
				</Compiler>
			</Target>
			<Target title="Release">
				<Option output="bin/Release/1x02 Encrypted Text Messages" prefix_auto="1" extension_auto="1" />
				<Option object_output="obj/Release/" />
				<Option type="1" />
				<Option compiler="gcc" />
				<Compiler>
					<Add option="-O2" />
				</Compiler>
				<Linker>
					<Add option="-s" />
				</Linker>
			</Target>
		</Build>
		<Compiler>
			<Add option="-Wall" />
		</Compiler>
		<Unit filename="1x02 Encrypted Text Messages (Lib).c">
			<Option compilerVar="CC" />
		</Unit>
		<Unit filename="1x02 Encrypted Text Messages (Main).c">
			<Option compilerVar="CC" />
		</Unit>
		<Unit filename="1x02 Encrypted Text Messages.h" />
		<Unit filename="Changes to 1x02 Encrypted Text Messages.txt">
			<Option target="Debug" />
		</Unit>
		<Unit filename="Readme.md" />
		<Unit filename="_0x00_MainMenu.c">
			<Option compilerVar="CC" />
		</Unit>
		<Unit filename="_1x01_Enter_Plaintext.c">
			<Option compilerVar="CC" />
		</Unit>
		<Unit filename="_1x02_Enter_Cyphertext.c">
			<Option compilerVar="CC" />
		</Unit>
		<Unit filename="_1x03_Enter_Key.c">
			<Option compilerVar="CC" />
		</Unit>
		<Unit filename="_1x04_Encrypt_Message.c">
			<Option compilerVar="CC" />
		</Unit>
		<Unit filename="_1x05_Decrypt_Message.c">
			<Option compilerVar="CC" />
		</Unit>
		<Unit filename="_1x06_Generate_Key_Set.c">
			<Option compilerVar="CC" />
		</Unit>
		<Extensions>
			<code_completion />
			<envvars />
			<debugger />
			<lib_finder disable_auto="1" />
		</Extensions>
	</Project>
</CodeBlocks_project_file>
